
Microsoft Visual Studio Solution File, Format Version 12.00
# Visual Studio Version 17
VisualStudioVersion = 17.8.34322.80
MinimumVisualStudioVersion = 10.0.40219.1
Project("{2150E333-8FDC-42A3-9474-1A3956D46DE8}") = "src", "src", "{3424FBBE-07A5-4DA0-86BE-19A8E3DECCE4}"
EndProject
Project("{2150E333-8FDC-42A3-9474-1A3956D46DE8}") = "test", "test", "{215D4426-4A60-4C85-8323-D8CACE189991}"
EndProject
Project("{2150E333-8FDC-42A3-9474-1A3956D46DE8}") = "API", "API", "{7DB7232B-29B3-4F58-86E6-0D73CC33FF1D}"
EndProject
Project("{2150E333-8FDC-42A3-9474-1A3956D46DE8}") = "Core", "Core", "{3706C3F9-446B-412F-982C-89A70A0EB039}"
EndProject
Project("{2150E333-8FDC-42A3-9474-1A3956D46DE8}") = "Infrastructure", "Infrastructure", "{3CCD4BD6-3DEC-433A-85DA-892417059CD4}"
EndProject
Project("{2150E333-8FDC-42A3-9474-1A3956D46DE8}") = "UI", "UI", "{984A1C29-CC83-4238-BBAA-D5A789D2F9A4}"
EndProject
Project("{FAE04EC0-301F-11D3-BF4B-00C04F79EFBC}") = "HR_Management.Domain", "HR_Management.Domain\HR_Management.Domain.csproj", "{CC559D81-9611-4987-9EBA-3BE99023F453}"
EndProject
Project("{2150E333-8FDC-42A3-9474-1A3956D46DE8}") = "Solution Items", "Solution Items", "{3F69BE36-C364-4775-9E04-1FBC0462EEEF}"
	ProjectSection(SolutionItems) = preProject
		.gitattributes = .gitattributes
		.gitignore = .gitignore
	EndProjectSection
EndProject
Global
	GlobalSection(SolutionConfigurationPlatforms) = preSolution
		Debug|Any CPU = Debug|Any CPU
		Release|Any CPU = Release|Any CPU
	EndGlobalSection
	GlobalSection(ProjectConfigurationPlatforms) = postSolution
		{CC559D81-9611-4987-9EBA-3BE99023F453}.Debug|Any CPU.ActiveCfg = Debug|Any CPU
		{CC559D81-9611-4987-9EBA-3BE99023F453}.Debug|Any CPU.Build.0 = Debug|Any CPU
		{CC559D81-9611-4987-9EBA-3BE99023F453}.Release|Any CPU.ActiveCfg = Release|Any CPU
		{CC559D81-9611-4987-9EBA-3BE99023F453}.Release|Any CPU.Build.0 = Release|Any CPU
	EndGlobalSection
	GlobalSection(SolutionProperties) = preSolution
		HideSolutionNode = FALSE
	EndGlobalSection
	GlobalSection(NestedProjects) = preSolution
		{7DB7232B-29B3-4F58-86E6-0D73CC33FF1D} = {3424FBBE-07A5-4DA0-86BE-19A8E3DECCE4}
		{3706C3F9-446B-412F-982C-89A70A0EB039} = {3424FBBE-07A5-4DA0-86BE-19A8E3DECCE4}
		{3CCD4BD6-3DEC-433A-85DA-892417059CD4} = {3424FBBE-07A5-4DA0-86BE-19A8E3DECCE4}
		{984A1C29-CC83-4238-BBAA-D5A789D2F9A4} = {3424FBBE-07A5-4DA0-86BE-19A8E3DECCE4}
		{CC559D81-9611-4987-9EBA-3BE99023F453} = {3706C3F9-446B-412F-982C-89A70A0EB039}
	EndGlobalSection
	GlobalSection(ExtensibilityGlobals) = postSolution
		SolutionGuid = {90E4A6E9-88DB-4542-9C57-1A95385234C6}
	EndGlobalSection
EndGlobal
